
Microsoft Visual Studio Solution File, Format Version 12.00
# Visual Studio Version 16
VisualStudioVersion = 16.0.29728.190
MinimumVisualStudioVersion = 10.0.40219.1
Project("{FAE04EC0-301F-11D3-BF4B-00C04F79EFBC}") = "HomeServices", "HomeServices\HomeServices.csproj", "{D5CB0414-E843-4D43-9BB7-BD643411F65A}"
EndProject
Project("{FAE04EC0-301F-11D3-BF4B-00C04F79EFBC}") = "DataAccessLayer", "DataAccessLayer\DataAccessLayer.csproj", "{30E72DA2-2452-42D6-B98C-F1B9AF042477}"
EndProject
Global
	GlobalSection(SolutionConfigurationPlatforms) = preSolution
		Debug|Any CPU = Debug|Any CPU
		Release|Any CPU = Release|Any CPU
	EndGlobalSection
	GlobalSection(ProjectConfigurationPlatforms) = postSolution
		{D5CB0414-E843-4D43-9BB7-BD643411F65A}.Debug|Any CPU.ActiveCfg = Debug|Any CPU
		{D5CB0414-E843-4D43-9BB7-BD643411F65A}.Debug|Any CPU.Build.0 = Debug|Any CPU
		{D5CB0414-E843-4D43-9BB7-BD643411F65A}.Release|Any CPU.ActiveCfg = Release|Any CPU
		{D5CB0414-E843-4D43-9BB7-BD643411F65A}.Release|Any CPU.Build.0 = Release|Any CPU
		{30E72DA2-2452-42D6-B98C-F1B9AF042477}.Debug|Any CPU.ActiveCfg = Debug|Any CPU
		{30E72DA2-2452-42D6-B98C-F1B9AF042477}.Debug|Any CPU.Build.0 = Debug|Any CPU
		{30E72DA2-2452-42D6-B98C-F1B9AF042477}.Release|Any CPU.ActiveCfg = Release|Any CPU
		{30E72DA2-2452-42D6-B98C-F1B9AF042477}.Release|Any CPU.Build.0 = Release|Any CPU
	EndGlobalSection
	GlobalSection(SolutionProperties) = preSolution
		HideSolutionNode = FALSE
	EndGlobalSection
	GlobalSection(ExtensibilityGlobals) = postSolution
		SolutionGuid = {5CB1ED6F-102A-4A13-B17F-7AA11AED0A32}
	EndGlobalSection
EndGlobal
